
Microsoft Visual Studio Solution File, Format Version 12.00
# Visual Studio Version 16
VisualStudioVersion = 16.0.30011.22
MinimumVisualStudioVersion = 10.0.40219.1
Project("{FAE04EC0-301F-11D3-BF4B-00C04F79EFBC}") = "LoaderExceptionsRepro", "LoaderExceptionsRepro\LoaderExceptionsRepro.csproj", "{2E7D1593-DF53-4FF3-AF20-0C30FDD0834F}"
EndProject
Global
	GlobalSection(SolutionConfigurationPlatforms) = preSolution
		Debug|Any CPU = Debug|Any CPU
		Release|Any CPU = Release|Any CPU
	EndGlobalSection
	GlobalSection(ProjectConfigurationPlatforms) = postSolution
		{2E7D1593-DF53-4FF3-AF20-0C30FDD0834F}.Debug|Any CPU.ActiveCfg = Debug|Any CPU
		{2E7D1593-DF53-4FF3-AF20-0C30FDD0834F}.Debug|Any CPU.Build.0 = Debug|Any CPU
		{2E7D1593-DF53-4FF3-AF20-0C30FDD0834F}.Release|Any CPU.ActiveCfg = Release|Any CPU
		{2E7D1593-DF53-4FF3-AF20-0C30FDD0834F}.Release|Any CPU.Build.0 = Release|Any CPU
	EndGlobalSection
	GlobalSection(SolutionProperties) = preSolution
		HideSolutionNode = FALSE
	EndGlobalSection
	GlobalSection(ExtensibilityGlobals) = postSolution
		SolutionGuid = {21905C85-88CA-4F82-B29F-60DACD9583C6}
	EndGlobalSection
EndGlobal
